
Microsoft Visual Studio Solution File, Format Version 12.00
# Visual Studio 15
VisualStudioVersion = 15.0.27004.2005
MinimumVisualStudioVersion = 10.0.40219.1
Project("{FAE04EC0-301F-11D3-BF4B-00C04F79EFBC}") = "BorisHomeTask", "BorisHomeTask\BorisHomeTask.csproj", "{A35351D9-BC8E-437F-96D8-464E8A2FCB31}"
EndProject
Project("{2150E333-8FDC-42A3-9474-1A3956D46DE8}") = "Server", "Server", "{68CDA77D-3662-44ED-8836-BFD09FD357A4}"
EndProject
Project("{2150E333-8FDC-42A3-9474-1A3956D46DE8}") = "Client", "Client", "{E5DEF985-7A99-441F-B890-5C839DF8ACFC}"
EndProject
Project("{2150E333-8FDC-42A3-9474-1A3956D46DE8}") = "Tests", "Tests", "{C7A6810A-EB07-4E23-BB82-B351EA3C622A}"
EndProject
Project("{FAE04EC0-301F-11D3-BF4B-00C04F79EFBC}") = "BorisHomeTask.Manager", "BorisHomeTask.Manager\BorisHomeTask.Manager.csproj", "{04E52E6D-A08D-426B-8594-031AAEF0E057}"
EndProject
Project("{FAE04EC0-301F-11D3-BF4B-00C04F79EFBC}") = "BorisHomeTask.Repository", "BorisHomeTask.Repository\BorisHomeTask.Repository.csproj", "{780AD4A2-D5B5-49BD-9BA0-1E21363CDA99}"
EndProject
Project("{FAE04EC0-301F-11D3-BF4B-00C04F79EFBC}") = "BorisHomeTask.Domain", "BorisHomeTask.Domain\BorisHomeTask.Domain.csproj", "{B0CE8489-32EF-4348-A61B-7BAA45CCED11}"
EndProject
Project("{FAE04EC0-301F-11D3-BF4B-00C04F79EFBC}") = "BorisHomeTask.Dto", "BorisHomeTask.Dto\BorisHomeTask.Dto.csproj", "{260169DA-2AB4-4021-BE25-8FDB1332FE28}"
EndProject
Project("{FAE04EC0-301F-11D3-BF4B-00C04F79EFBC}") = "BorisHomeTask.DataLayer", "BorisHomeTask.DataLayer\BorisHomeTask.DataLayer.csproj", "{1D6229A4-4BFD-4101-9DDD-431A5FF393D0}"
EndProject
Project("{FAE04EC0-301F-11D3-BF4B-00C04F79EFBC}") = "BorisHomeTask.Manager.Tests", "BorisHomeTask.Manager.Tests\BorisHomeTask.Manager.Tests.csproj", "{32D1C404-C288-4DB7-B7EE-6ECE5D7E2427}"
EndProject
Project("{FAE04EC0-301F-11D3-BF4B-00C04F79EFBC}") = "BorisHomeTask.Domain.Tests", "BorisHomeTask.Domain.Tests\BorisHomeTask.Domain.Tests.csproj", "{197A3655-C139-4D47-B8BD-2B5199A21C54}"
EndProject
Project("{FAE04EC0-301F-11D3-BF4B-00C04F79EFBC}") = "BorisHomeTask.Tests", "BorisHomeTask.Tests\BorisHomeTask.Tests.csproj", "{E0B1D72B-314A-4632-8267-8AAE6FCA17D2}"
EndProject
Project("{FAE04EC0-301F-11D3-BF4B-00C04F79EFBC}") = "BorisHomeTask.Api", "BorisHomeTask.Api\BorisHomeTask.Api.csproj", "{0E2A5BC3-7644-4C5F-8B42-A2CE81A9E337}"
EndProject
Global
	GlobalSection(SolutionConfigurationPlatforms) = preSolution
		Debug|Any CPU = Debug|Any CPU
		Release|Any CPU = Release|Any CPU
	EndGlobalSection
	GlobalSection(ProjectConfigurationPlatforms) = postSolution
		{A35351D9-BC8E-437F-96D8-464E8A2FCB31}.Debug|Any CPU.ActiveCfg = Debug|Any CPU
		{A35351D9-BC8E-437F-96D8-464E8A2FCB31}.Debug|Any CPU.Build.0 = Debug|Any CPU
		{A35351D9-BC8E-437F-96D8-464E8A2FCB31}.Release|Any CPU.ActiveCfg = Release|Any CPU
		{A35351D9-BC8E-437F-96D8-464E8A2FCB31}.Release|Any CPU.Build.0 = Release|Any CPU
		{04E52E6D-A08D-426B-8594-031AAEF0E057}.Debug|Any CPU.ActiveCfg = Debug|Any CPU
		{04E52E6D-A08D-426B-8594-031AAEF0E057}.Debug|Any CPU.Build.0 = Debug|Any CPU
		{04E52E6D-A08D-426B-8594-031AAEF0E057}.Release|Any CPU.ActiveCfg = Release|Any CPU
		{04E52E6D-A08D-426B-8594-031AAEF0E057}.Release|Any CPU.Build.0 = Release|Any CPU
		{780AD4A2-D5B5-49BD-9BA0-1E21363CDA99}.Debug|Any CPU.ActiveCfg = Debug|Any CPU
		{780AD4A2-D5B5-49BD-9BA0-1E21363CDA99}.Debug|Any CPU.Build.0 = Debug|Any CPU
		{780AD4A2-D5B5-49BD-9BA0-1E21363CDA99}.Release|Any CPU.ActiveCfg = Release|Any CPU
		{780AD4A2-D5B5-49BD-9BA0-1E21363CDA99}.Release|Any CPU.Build.0 = Release|Any CPU
		{B0CE8489-32EF-4348-A61B-7BAA45CCED11}.Debug|Any CPU.ActiveCfg = Debug|Any CPU
		{B0CE8489-32EF-4348-A61B-7BAA45CCED11}.Debug|Any CPU.Build.0 = Debug|Any CPU
		{B0CE8489-32EF-4348-A61B-7BAA45CCED11}.Release|Any CPU.ActiveCfg = Release|Any CPU
		{B0CE8489-32EF-4348-A61B-7BAA45CCED11}.Release|Any CPU.Build.0 = Release|Any CPU
		{260169DA-2AB4-4021-BE25-8FDB1332FE28}.Debug|Any CPU.ActiveCfg = Debug|Any CPU
		{260169DA-2AB4-4021-BE25-8FDB1332FE28}.Debug|Any CPU.Build.0 = Debug|Any CPU
		{260169DA-2AB4-4021-BE25-8FDB1332FE28}.Release|Any CPU.ActiveCfg = Release|Any CPU
		{260169DA-2AB4-4021-BE25-8FDB1332FE28}.Release|Any CPU.Build.0 = Release|Any CPU
		{1D6229A4-4BFD-4101-9DDD-431A5FF393D0}.Debug|Any CPU.ActiveCfg = Debug|Any CPU
		{1D6229A4-4BFD-4101-9DDD-431A5FF393D0}.Debug|Any CPU.Build.0 = Debug|Any CPU
		{1D6229A4-4BFD-4101-9DDD-431A5FF393D0}.Release|Any CPU.ActiveCfg = Release|Any CPU
		{1D6229A4-4BFD-4101-9DDD-431A5FF393D0}.Release|Any CPU.Build.0 = Release|Any CPU
		{32D1C404-C288-4DB7-B7EE-6ECE5D7E2427}.Debug|Any CPU.ActiveCfg = Debug|Any CPU
		{32D1C404-C288-4DB7-B7EE-6ECE5D7E2427}.Debug|Any CPU.Build.0 = Debug|Any CPU
		{32D1C404-C288-4DB7-B7EE-6ECE5D7E2427}.Release|Any CPU.ActiveCfg = Release|Any CPU
		{32D1C404-C288-4DB7-B7EE-6ECE5D7E2427}.Release|Any CPU.Build.0 = Release|Any CPU
		{197A3655-C139-4D47-B8BD-2B5199A21C54}.Debug|Any CPU.ActiveCfg = Debug|Any CPU
		{197A3655-C139-4D47-B8BD-2B5199A21C54}.Debug|Any CPU.Build.0 = Debug|Any CPU
		{197A3655-C139-4D47-B8BD-2B5199A21C54}.Release|Any CPU.ActiveCfg = Release|Any CPU
		{197A3655-C139-4D47-B8BD-2B5199A21C54}.Release|Any CPU.Build.0 = Release|Any CPU
		{E0B1D72B-314A-4632-8267-8AAE6FCA17D2}.Debug|Any CPU.ActiveCfg = Debug|Any CPU
		{E0B1D72B-314A-4632-8267-8AAE6FCA17D2}.Debug|Any CPU.Build.0 = Debug|Any CPU
		{E0B1D72B-314A-4632-8267-8AAE6FCA17D2}.Release|Any CPU.ActiveCfg = Release|Any CPU
		{E0B1D72B-314A-4632-8267-8AAE6FCA17D2}.Release|Any CPU.Build.0 = Release|Any CPU
		{0E2A5BC3-7644-4C5F-8B42-A2CE81A9E337}.Debug|Any CPU.ActiveCfg = Debug|Any CPU
		{0E2A5BC3-7644-4C5F-8B42-A2CE81A9E337}.Debug|Any CPU.Build.0 = Debug|Any CPU
		{0E2A5BC3-7644-4C5F-8B42-A2CE81A9E337}.Release|Any CPU.ActiveCfg = Release|Any CPU
		{0E2A5BC3-7644-4C5F-8B42-A2CE81A9E337}.Release|Any CPU.Build.0 = Release|Any CPU
	EndGlobalSection
	GlobalSection(SolutionProperties) = preSolution
		HideSolutionNode = FALSE
	EndGlobalSection
	GlobalSection(NestedProjects) = preSolution
		{A35351D9-BC8E-437F-96D8-464E8A2FCB31} = {E5DEF985-7A99-441F-B890-5C839DF8ACFC}
		{04E52E6D-A08D-426B-8594-031AAEF0E057} = {68CDA77D-3662-44ED-8836-BFD09FD357A4}
		{780AD4A2-D5B5-49BD-9BA0-1E21363CDA99} = {68CDA77D-3662-44ED-8836-BFD09FD357A4}
		{B0CE8489-32EF-4348-A61B-7BAA45CCED11} = {68CDA77D-3662-44ED-8836-BFD09FD357A4}
		{260169DA-2AB4-4021-BE25-8FDB1332FE28} = {68CDA77D-3662-44ED-8836-BFD09FD357A4}
		{1D6229A4-4BFD-4101-9DDD-431A5FF393D0} = {68CDA77D-3662-44ED-8836-BFD09FD357A4}
		{32D1C404-C288-4DB7-B7EE-6ECE5D7E2427} = {C7A6810A-EB07-4E23-BB82-B351EA3C622A}
		{197A3655-C139-4D47-B8BD-2B5199A21C54} = {C7A6810A-EB07-4E23-BB82-B351EA3C622A}
		{E0B1D72B-314A-4632-8267-8AAE6FCA17D2} = {C7A6810A-EB07-4E23-BB82-B351EA3C622A}
		{0E2A5BC3-7644-4C5F-8B42-A2CE81A9E337} = {68CDA77D-3662-44ED-8836-BFD09FD357A4}
	EndGlobalSection
	GlobalSection(ExtensibilityGlobals) = postSolution
		SolutionGuid = {42D7AC9F-2643-4A66-8BE0-A669298B2299}
	EndGlobalSection
EndGlobal
