
Microsoft Visual Studio Solution File, Format Version 12.00
# Visual Studio 15
VisualStudioVersion = 15.0.27004.2005
MinimumVisualStudioVersion = 10.0.40219.1
Project("{FAE04EC0-301F-11D3-BF4B-00C04F79EFBC}") = "BorisHomeTask", "BorisHomeTask\BorisHomeTask.csproj", "{A35351D9-BC8E-437F-96D8-464E8A2FCB31}"
EndProject
Global
	GlobalSection(SolutionConfigurationPlatforms) = preSolution
		Debug|Any CPU = Debug|Any CPU
		Release|Any CPU = Release|Any CPU
	EndGlobalSection
	GlobalSection(ProjectConfigurationPlatforms) = postSolution
		{A35351D9-BC8E-437F-96D8-464E8A2FCB31}.Debug|Any CPU.ActiveCfg = Debug|Any CPU
		{A35351D9-BC8E-437F-96D8-464E8A2FCB31}.Debug|Any CPU.Build.0 = Debug|Any CPU
		{A35351D9-BC8E-437F-96D8-464E8A2FCB31}.Release|Any CPU.ActiveCfg = Release|Any CPU
		{A35351D9-BC8E-437F-96D8-464E8A2FCB31}.Release|Any CPU.Build.0 = Release|Any CPU
	EndGlobalSection
	GlobalSection(SolutionProperties) = preSolution
		HideSolutionNode = FALSE
	EndGlobalSection
	GlobalSection(ExtensibilityGlobals) = postSolution
		SolutionGuid = {42D7AC9F-2643-4A66-8BE0-A669298B2299}
	EndGlobalSection
EndGlobal
